# THIS IS AN AUTOGENERATED FILE. DO NOT EDIT THIS FILE DIRECTLY.
# yarn lockfile v1


axios@^0.15.3:
  version "0.15.3"
  resolved "https://registry.yarnpkg.com/axios/-/axios-0.15.3.tgz#2c9d638b2e191a08ea1d6cc988eadd6ba5bdc053"
  dependencies:
    follow-redirects "1.0.0"

config@^1.25.1:
  version "1.25.1"
  resolved "https://registry.yarnpkg.com/config/-/config-1.25.1.tgz#72ac51cde81e2c77c6b3b66d0130dae527a19c92"
  dependencies:
    json5 "0.4.0"

debug@^2.2.0:
  version "2.6.1"
  resolved "https://registry.yarnpkg.com/debug/-/debug-2.6.1.tgz#79855090ba2c4e3115cc7d8769491d58f0491351"
  dependencies:
    ms "0.7.2"

follow-redirects@1.0.0:
  version "1.0.0"
  resolved "https://registry.yarnpkg.com/follow-redirects/-/follow-redirects-1.0.0.tgz#8e34298cbd2e176f254effec75a1c78cc849fd37"
  dependencies:
    debug "^2.2.0"

json2yaml@^1.1.0:
  version "1.1.0"
  resolved "https://registry.yarnpkg.com/json2yaml/-/json2yaml-1.1.0.tgz#5414d907f9816586b80c513ec2e3aeb2ab819a6c"
  dependencies:
    remedial "1.x"

json5@0.4.0:
  version "0.4.0"
  resolved "https://registry.yarnpkg.com/json5/-/json5-0.4.0.tgz#054352e4c4c80c86c0923877d449de176a732c8d"

ms@0.7.2:
  version "0.7.2"
  resolved "https://registry.yarnpkg.com/ms/-/ms-0.7.2.tgz#ae25cf2512b3885a1d95d7f037868d8431124765"

remedial@1.x:
  version "1.0.7"
  resolved "https://registry.yarnpkg.com/remedial/-/remedial-1.0.7.tgz#d6674413a65676007be00dd400980987b2c300c1"
